
Microsoft Visual Studio Solution File, Format Version 12.00
# Visual Studio Version 16
VisualStudioVersion = 16.0.31105.61
MinimumVisualStudioVersion = 10.0.40219.1
Project("{FAE04EC0-301F-11D3-BF4B-00C04F79EFBC}") = "FileDownloadExample", "FileDownloadExample.csproj", "{251B4123-D2CB-4765-B4C5-145D7A050C73}"
EndProject
Global
	GlobalSection(SolutionConfigurationPlatforms) = preSolution
		Debug|Any CPU = Debug|Any CPU
		Release|Any CPU = Release|Any CPU
	EndGlobalSection
	GlobalSection(ProjectConfigurationPlatforms) = postSolution
		{251B4123-D2CB-4765-B4C5-145D7A050C73}.Debug|Any CPU.ActiveCfg = Debug|Any CPU
		{251B4123-D2CB-4765-B4C5-145D7A050C73}.Debug|Any CPU.Build.0 = Debug|Any CPU
		{251B4123-D2CB-4765-B4C5-145D7A050C73}.Release|Any CPU.ActiveCfg = Release|Any CPU
		{251B4123-D2CB-4765-B4C5-145D7A050C73}.Release|Any CPU.Build.0 = Release|Any CPU
	EndGlobalSection
	GlobalSection(SolutionProperties) = preSolution
		HideSolutionNode = FALSE
	EndGlobalSection
	GlobalSection(ExtensibilityGlobals) = postSolution
		SolutionGuid = {6A0346E5-B622-483A-B041-C2F4FB8E70AE}
	EndGlobalSection
EndGlobal
